PODS:
  - CryptoCore (0.0.10)
  - WavesCore (0.0.4):
    - CryptoCore (~> 0.0.8)

DEPENDENCIES:
  - CryptoCore (from `https://github.com/a-melnichuk/CryptoCore.git`)
  - WavesCore (from `https://github.com/a-melnichuk/CryptoCore.git`)

EXTERNAL SOURCES:
  CryptoCore:
    :git: https://github.com/a-melnichuk/CryptoCore.git
  WavesCore:
    :git: https://github.com/a-melnichuk/CryptoCore.git

CHECKOUT OPTIONS:
  CryptoCore:
    :commit: 9e62abf8cdc5acb0a9c0069fa8954fd3036de6b7
    :git: https://github.com/a-melnichuk/CryptoCore.git
  WavesCore:
    :commit: 9e62abf8cdc5acb0a9c0069fa8954fd3036de6b7
    :git: https://github.com/a-melnichuk/CryptoCore.git

SPEC CHECKSUMS:
  CryptoCore: 62a941ce6a0661f49e1990d12e555414acedd4ab
  WavesCore: c3c8708c35880891fb36924f585394d1390f815d

PODFILE CHECKSUM: 92d1c39ebb281b5148344b2e3aed6329740b5a02

COCOAPODS: 1.7.1
