PODS:
  - CryptoCore (0.0.12)
  - NEMCore (0.0.1):
    - CryptoCore

DEPENDENCIES:
  - CryptoCore (from `https://github.com/a-melnichuk/CryptoCore.git`)
  - NEMCore (from `../../`)

EXTERNAL SOURCES:
  CryptoCore:
    :git: https://github.com/a-melnichuk/CryptoCore.git
  NEMCore:
    :path: "../../"

CHECKOUT OPTIONS:
  CryptoCore:
    :commit: 61c06c8bfd307ef4697a6d36c72a7a34acbb00be
    :git: https://github.com/a-melnichuk/CryptoCore.git

SPEC CHECKSUMS:
  CryptoCore: d37fdfce4664e28def1b54a08b34fe0d30e806c7
  NEMCore: 70e0feb5bc690432e7632ff50c5dbef66cadd640

PODFILE CHECKSUM: 8206d37b93d8e2bbfa4db345ca15af3a3cbaf811

COCOAPODS: 1.7.1
