PODS:
  - CryptoCore (0.0.11)
  - NEMCore (0.0.1):
    - CryptoCore (~> 0.0.11)

DEPENDENCIES:
  - CryptoCore (from `https://github.com/a-melnichuk/CryptoCore.git`)
  - NEMCore (from `../../`)

EXTERNAL SOURCES:
  CryptoCore:
    :git: https://github.com/a-melnichuk/CryptoCore.git
  NEMCore:
    :path: "../../"

CHECKOUT OPTIONS:
  CryptoCore:
    :commit: 671a0e5f7ade0a316efa2caa6b78f0a48505c5b9
    :git: https://github.com/a-melnichuk/CryptoCore.git

SPEC CHECKSUMS:
  CryptoCore: ef4bbe009b3afe7455175f2213c639d0f88248e5
  NEMCore: e5510637f8550dd141e1430aa6da902d44948fd0

PODFILE CHECKSUM: 8206d37b93d8e2bbfa4db345ca15af3a3cbaf811

COCOAPODS: 1.7.1
