PODS:
  - BigInt (4.0.0)
  - CryptoCore (0.0.27):
    - secp256k1.c (~> 0.1)
  - EthereumCore (0.0.7):
    - BigInt
    - CryptoCore
    - keccak.c (~> 0.1)
    - secp256k1.c (~> 0.1)
  - keccak.c (0.1.3)
  - secp256k1.c (0.1.2)

DEPENDENCIES:
  - CryptoCore (from `https://github.com/a-melnichuk/CryptoCore.git`)
  - EthereumCore (from `../../`)

SPEC REPOS:
  https://github.com/CocoaPods/Specs.git:
    - BigInt
    - keccak.c
    - secp256k1.c

EXTERNAL SOURCES:
  CryptoCore:
    :git: https://github.com/a-melnichuk/CryptoCore.git
  EthereumCore:
    :path: "../../"

CHECKOUT OPTIONS:
  CryptoCore:
    :commit: 9a86e77f13821c30b260e847c886830e913f49df
    :git: https://github.com/a-melnichuk/CryptoCore.git

SPEC CHECKSUMS:
  BigInt: 2aad1a9942dc932ec8b84290d2c564a3d76f97ab
  CryptoCore: 36fa5d3c1938a7a01533b7fbb8f88465a8bd41e0
  EthereumCore: b4c6da1f44f2edcf346521e5790787cf1b0553e0
  keccak.c: 859583afdaccb4e4fcc0f0096064d101580313f4
  secp256k1.c: db47b726585d80f027423682eb369729e61b3b20

PODFILE CHECKSUM: a5aba78b18a511a5da0464dfd77dc60376356de4

COCOAPODS: 1.8.4
