PODS:
  - CryptoCore (0.0.1):
    - CryptoCore/openssl (= 0.0.1)
  - CryptoCore/openssl (0.0.1)

DEPENDENCIES:
  - CryptoCore (from `../`)

EXTERNAL SOURCES:
  CryptoCore:
    :path: "../"

SPEC CHECKSUMS:
  CryptoCore: 389b50bd904b51f86ca0ceb297e386934bc2a55d

PODFILE CHECKSUM: c601df8fd8a857116dd5b4287c5ee9ef784f1fd4

COCOAPODS: 1.6.1
