PODS:
  - CryptoCore (0.0.1):
    - CryptoCore/openssl (= 0.0.1)
  - CryptoCore/openssl (0.0.1)

DEPENDENCIES:
  - CryptoCore (from `../`)

EXTERNAL SOURCES:
  CryptoCore:
    :path: "../"

SPEC CHECKSUMS:
  CryptoCore: 1c6aa77173510acc5dd4773b6fccb8157371b3b7

PODFILE CHECKSUM: c601df8fd8a857116dd5b4287c5ee9ef784f1fd4

COCOAPODS: 1.6.1
