PODS:
  - CryptoCore (0.0.4)

DEPENDENCIES:
  - CryptoCore (from `https://github.com/a-melnichuk/CryptoCore.git`)

EXTERNAL SOURCES:
  CryptoCore:
    :git: https://github.com/a-melnichuk/CryptoCore.git

CHECKOUT OPTIONS:
  CryptoCore:
    :commit: 6d038c64166f9a3398e1b255d5d7be6b77e21627
    :git: https://github.com/a-melnichuk/CryptoCore.git

SPEC CHECKSUMS:
  CryptoCore: 4303f850872a81160589de891322b992312c9311

PODFILE CHECKSUM: dd51e21419336a217dfe75343e590237cd774a2c

COCOAPODS: 1.6.1
