PODS:
  - BigInt (3.1.0):
    - SipHash (~> 1.2)
  - CryptoCore (0.0.25)
  - PromiseKit (6.10.0):
    - PromiseKit/CorePromise (= 6.10.0)
    - PromiseKit/Foundation (= 6.10.0)
    - PromiseKit/UIKit (= 6.10.0)
  - PromiseKit/CorePromise (6.10.0)
  - PromiseKit/Foundation (6.10.0):
    - PromiseKit/CorePromise
  - PromiseKit/UIKit (6.10.0):
    - PromiseKit/CorePromise
  - scrypt.c (0.1.1)
  - SipHash (1.2.2)

DEPENDENCIES:
  - BigInt (~> 3.1)
  - CryptoCore (from `../`)
  - PromiseKit (~> 6.4)
  - scrypt.c (~> 0.1)

SPEC REPOS:
  https://github.com/cocoapods/specs.git:
    - BigInt
    - PromiseKit
    - scrypt.c
    - SipHash

EXTERNAL SOURCES:
  CryptoCore:
    :path: "../"

SPEC CHECKSUMS:
  BigInt: 76b5dfdfa3e2e478d4ffdf161aeede5502e2742f
  CryptoCore: 7dd79d29361caae9f6a3d9ac413a03fec1953501
  PromiseKit: 1fdaeb6c0a94a5114fcb814ff3d772b86886ad4e
  scrypt.c: b42ae06183251329d2b2c620c226fb541a4a3592
  SipHash: fad90a4683e420c52ef28063063dbbce248ea6d4

PODFILE CHECKSUM: 07ca15e24378fd65dd6b9ef963f05cefd7a04478

COCOAPODS: 1.7.5
